
Microsoft Visual Studio Solution File, Format Version 12.00
# Visual Studio Version 17
VisualStudioVersion = 17.0.31903.59
MinimumVisualStudioVersion = 10.0.40219.1
Project("{FAE04EC0-301F-11D3-BF4B-00C04F79EFBC}") = "LeerArchivoTexto", "LeerArchivoTexto\LeerArchivoTexto.csproj", "{8059FDFF-A5B0-4AC1-A9DE-F90AA2063BF7}"
EndProject
Global
	GlobalSection(SolutionConfigurationPlatforms) = preSolution
		Debug|Any CPU = Debug|Any CPU
		Release|Any CPU = Release|Any CPU
	EndGlobalSection
	GlobalSection(ProjectConfigurationPlatforms) = postSolution
		{8059FDFF-A5B0-4AC1-A9DE-F90AA2063BF7}.Debug|Any CPU.ActiveCfg = Debug|Any CPU
		{8059FDFF-A5B0-4AC1-A9DE-F90AA2063BF7}.Debug|Any CPU.Build.0 = Debug|Any CPU
		{8059FDFF-A5B0-4AC1-A9DE-F90AA2063BF7}.Release|Any CPU.ActiveCfg = Release|Any CPU
		{8059FDFF-A5B0-4AC1-A9DE-F90AA2063BF7}.Release|Any CPU.Build.0 = Release|Any CPU
	EndGlobalSection
	GlobalSection(SolutionProperties) = preSolution
		HideSolutionNode = FALSE
	EndGlobalSection
	GlobalSection(ExtensibilityGlobals) = postSolution
		SolutionGuid = {801F14F7-9CCF-457C-A793-C0190797C4A9}
	EndGlobalSection
EndGlobal
